
Microsoft Visual Studio Solution File, Format Version 12.00
# Visual Studio Version 16
VisualStudioVersion = 16.0.31112.23
MinimumVisualStudioVersion = 10.0.40219.1
Project("{FAE04EC0-301F-11D3-BF4B-00C04F79EFBC}") = "Filmoteka", "Filmoteka\Filmoteka.csproj", "{F2E0294E-AB5E-4F3E-A86F-212019AF3B87}"
EndProject
Global
	GlobalSection(SolutionConfigurationPlatforms) = preSolution
		Debug|Any CPU = Debug|Any CPU
		Release|Any CPU = Release|Any CPU
	EndGlobalSection
	GlobalSection(ProjectConfigurationPlatforms) = postSolution
		{F2E0294E-AB5E-4F3E-A86F-212019AF3B87}.Debug|Any CPU.ActiveCfg = Debug|Any CPU
		{F2E0294E-AB5E-4F3E-A86F-212019AF3B87}.Debug|Any CPU.Build.0 = Debug|Any CPU
		{F2E0294E-AB5E-4F3E-A86F-212019AF3B87}.Release|Any CPU.ActiveCfg = Release|Any CPU
		{F2E0294E-AB5E-4F3E-A86F-212019AF3B87}.Release|Any CPU.Build.0 = Release|Any CPU
	EndGlobalSection
	GlobalSection(SolutionProperties) = preSolution
		HideSolutionNode = FALSE
	EndGlobalSection
	GlobalSection(ExtensibilityGlobals) = postSolution
		SolutionGuid = {00BF6204-83A6-4D20-A129-D7D4C03C3154}
	EndGlobalSection
EndGlobal
